<?xml version="1.0" encoding="utf-8"?>
<Project ToolsVersion="4.0" xmlns="http://schemas.microsoft.com/developer/msbuild/2003">
  <ItemGroup>
    <Filter Include="Source Files">
      <UniqueIdentifier>{4FC737F1-C7A5-4376-A066-2A32D752A2FF}</UniqueIdentifier>
      <Extensions>cpp;c;cc;cxx;def;odl;idl;hpj;bat;asm;asmx</Extensions>
    </Filter>
    <Filter Include="Header Files">
      <UniqueIdentifier>{93995380-89BD-4b04-88EB-625FBE52EBFB}</UniqueIdentifier>
      <Extensions>h;hh;hpp;hxx;hm;inl;inc;xsd</Extensions>
    </Filter>
    <Filter Include="Resource Files">
      <UniqueIdentifier>{67DA6AB6-F800-4c08-8B7A-83BB121AAD01}</UniqueIdentifier>
      <Extensions>rc;ico;cur;bmp;dlg;rc2;rct;bin;rgs;gif;jpg;jpeg;jpe;resx;tiff;tif;png;wav;mfcribbon-ms</Extensions>
    </Filter>
    <Filter Include="Source Files\SDK">
      <UniqueIdentifier>{ff1efa0b-04dd-49c2-bd1b-82f64baf3f52}</UniqueIdentifier>
    </Filter>
    <Filter Include="Source Files\Hooks">
      <UniqueIdentifier>{60e6a5a1-6213-4364-859e-fd07428959eb}</UniqueIdentifier>
    </Filter>
    <Filter Include="Header Files\Hooks">
      <UniqueIdentifier>{a8d5ef4e-5a17-4ad2-9fff-98c82d628381}</UniqueIdentifier>
    </Filter>
    <Filter Include="Source Files\SDK\cstrike15">
      <UniqueIdentifier>{b9ca0019-b5b8-48cf-bcbc-05db4a2565c8}</UniqueIdentifier>
    </Filter>
  </ItemGroup>
  <ItemGroup>
    <ClInclude Include="Server.h">
      <Filter>Header Files</Filter>
    </ClInclude>
    <ClInclude Include="Hooks\CCSPlayer.h">
      <Filter>Header Files\Hooks</Filter>
    </ClInclude>
    <ClInclude Include="Hooks.h">
      <Filter>Header Files</Filter>
    </ClInclude>
    <ClInclude Include="Hooks\CGameDLL_ConVarAccessor.h">
      <Filter>Header Files\Hooks</Filter>
    </ClInclude>
    <ClInclude Include="Addresses.h">
      <Filter>Header Files</Filter>
    </ClInclude>
    <ClInclude Include="..\shared\FindPattern.h">
      <Filter>Header Files</Filter>
    </ClInclude>
    <ClInclude Include="..\shared\Utilities.h">
      <Filter>Header Files</Filter>
    </ClInclude>
    <ClInclude Include="..\shared\SDK.h">
      <Filter>Header Files</Filter>
    </ClInclude>
    <ClInclude Include="Hooks\CServerGameDLL.h">
      <Filter>Header Files\Hooks</Filter>
    </ClInclude>
    <ClInclude Include="Hooks\CCSGameMovement.h">
      <Filter>Header Files\Hooks</Filter>
    </ClInclude>
    <ClInclude Include="..\shared\stdafx.h">
      <Filter>Header Files</Filter>
    </ClInclude>
    <ClInclude Include="..\shared\targetver.h">
      <Filter>Header Files</Filter>
    </ClInclude>
  </ItemGroup>
  <ItemGroup>
    <ClCompile Include="dllmain.cpp">
      <Filter>Source Files</Filter>
    </ClCompile>
    <ClCompile Include="Server.cpp">
      <Filter>Source Files</Filter>
    </ClCompile>
    <ClCompile Include="Hooks\CCSPlayer.cpp">
      <Filter>Source Files\Hooks</Filter>
    </ClCompile>
    <ClCompile Include="Hooks\CGameDLL_ConVarAccessor.cpp">
      <Filter>Source Files\Hooks</Filter>
    </ClCompile>
    <ClCompile Include="Addresses.cpp">
      <Filter>Source Files</Filter>
    </ClCompile>
    <ClCompile Include="..\shared\FindPattern.cpp">
      <Filter>Source Files</Filter>
    </ClCompile>
    <ClCompile Include="..\shared\Utilities.cpp">
      <Filter>Source Files</Filter>
    </ClCompile>
    <ClCompile Include="..\..\..\sdk\game\shared\cstrike15\cs_ammodef.cpp">
      <Filter>Source Files\SDK\cstrike15</Filter>
    </ClCompile>
    <ClCompile Include="..\..\..\sdk\game\shared\ammodef.cpp">
      <Filter>Source Files\SDK</Filter>
    </ClCompile>
    <ClCompile Include="..\..\..\sdk\game\server\cstrike15\cs_player.cpp">
      <Filter>Source Files\SDK\cstrike15</Filter>
    </ClCompile>
    <ClCompile Include="..\..\..\sdk\game\server\basecombatweapon.cpp">
      <Filter>Source Files\SDK</Filter>
    </ClCompile>
    <ClCompile Include="..\..\..\sdk\game\server\baseentity.cpp">
      <Filter>Source Files\SDK</Filter>
    </ClCompile>
    <ClCompile Include="..\..\..\sdk\game\shared\gamerules.cpp">
      <Filter>Source Files\SDK</Filter>
    </ClCompile>
    <ClCompile Include="..\..\..\sdk\game\shared\cstrike15\cs_shareddefs.cpp">
      <Filter>Source Files\SDK\cstrike15</Filter>
    </ClCompile>
    <ClCompile Include="..\..\..\sdk\game\shared\cstrike15\cs_gamerules.cpp">
      <Filter>Source Files\SDK\cstrike15</Filter>
    </ClCompile>
    <ClCompile Include="..\..\..\sdk\game\shared\basecombatcharacter_shared.cpp">
      <Filter>Source Files\SDK</Filter>
    </ClCompile>
    <ClCompile Include="..\..\..\sdk\game\shared\baseplayer_shared.cpp">
      <Filter>Source Files\SDK</Filter>
    </ClCompile>
    <ClCompile Include="..\..\..\sdk\game\shared\util_shared.cpp">
      <Filter>Source Files\SDK</Filter>
    </ClCompile>
    <ClCompile Include="..\..\..\sdk\game\shared\baseentity_shared.cpp">
      <Filter>Source Files\SDK</Filter>
    </ClCompile>
    <ClCompile Include="Hooks\CServerGameDLL.cpp">
      <Filter>Source Files\Hooks</Filter>
    </ClCompile>
    <ClCompile Include="Hooks\CCSGameMovement.cpp">
      <Filter>Source Files\Hooks</Filter>
    </ClCompile>
    <ClCompile Include="..\shared\stdafx.cpp">
      <Filter>Source Files</Filter>
    </ClCompile>
    <ClCompile Include="..\..\..\sdk\game\server\player.cpp">
      <Filter>Source Files\SDK</Filter>
    </ClCompile>
    <ClCompile Include="..\..\..\sdk\game\shared\cstrike15\weapon_csbase.cpp">
      <Filter>Source Files\SDK\cstrike15</Filter>
    </ClCompile>
    <ClCompile Include="..\..\..\sdk\game\shared\basecombatweapon_shared.cpp">
      <Filter>Source Files\SDK</Filter>
    </ClCompile>
  </ItemGroup>
</Project>