
Microsoft Visual Studio Solution File, Format Version 12.00
# Visual Studio 15
VisualStudioVersion = 15.0.26430.12
MinimumVisualStudioVersion = 10.0.40219.1
Project("{8BC9CEB8-8B4A-11D0-8D11-00A0C91BC942}") = "Launcher", "src\launcher\Launcher.vcxproj", "{37C53ADC-2F73-47B1-B6ED-DB5F7BCBA2FF}"
	ProjectSection(ProjectDependencies) = postProject
		{64269F60-A538-4327-82EE-AB4BF4766CE9} = {64269F60-A538-4327-82EE-AB4BF4766CE9}
		{FB71A079-5920-4340-AF46-0CE1EA1FDC96} = {FB71A079-5920-4340-AF46-0CE1EA1FDC96}
		{D1C528B6-AA02-4D29-9D61-DC08E317A70D} = {D1C528B6-AA02-4D29-9D61-DC08E317A70D}
		{E1DA8DB8-FB4C-4B14-91A6-98BCED6B9720} = {E1DA8DB8-FB4C-4B14-91A6-98BCED6B9720}
	EndProjectSection
EndProject
Project("{8BC9CEB8-8B4A-11D0-8D11-00A0C91BC942}") = "tier1", "sdk\tier1\tier1.vcxproj", "{FB71A079-5920-4340-AF46-0CE1EA1FDC96}"
EndProject
Project("{8BC9CEB8-8B4A-11D0-8D11-00A0C91BC942}") = "interfaces", "sdk\interfaces\interfaces.vcxproj", "{E1DA8DB8-FB4C-4B14-91A6-98BCED6B9720}"
	ProjectSection(ProjectDependencies) = postProject
		{FB71A079-5920-4340-AF46-0CE1EA1FDC96} = {FB71A079-5920-4340-AF46-0CE1EA1FDC96}
	EndProjectSection
EndProject
Project("{2150E333-8FDC-42A3-9474-1A3956D46DE8}") = "Libraries", "Libraries", "{BD9C02B1-938E-4B44-AA9D-8F509CC14A9F}"
EndProject
Project("{8BC9CEB8-8B4A-11D0-8D11-00A0C91BC942}") = "PolyHook", "libs\PolyHook\PolyHook.vcxproj", "{64269F60-A538-4327-82EE-AB4BF4766CE9}"
	ProjectSection(ProjectDependencies) = postProject
		{2171C0E8-4915-49B9-AC23-A484FA08C126} = {2171C0E8-4915-49B9-AC23-A484FA08C126}
	EndProjectSection
EndProject
Project("{8BC9CEB8-8B4A-11D0-8D11-00A0C91BC942}") = "Client", "src\dlls\client\Client.vcxproj", "{6936F8EE-95A1-4660-8C65-CBF2C70480FC}"
	ProjectSection(ProjectDependencies) = postProject
		{64269F60-A538-4327-82EE-AB4BF4766CE9} = {64269F60-A538-4327-82EE-AB4BF4766CE9}
		{FB71A079-5920-4340-AF46-0CE1EA1FDC96} = {FB71A079-5920-4340-AF46-0CE1EA1FDC96}
		{E1DA8DB8-FB4C-4B14-91A6-98BCED6B9720} = {E1DA8DB8-FB4C-4B14-91A6-98BCED6B9720}
		{BAB92FF0-D72A-D7E5-1988-74628D39B94F} = {BAB92FF0-D72A-D7E5-1988-74628D39B94F}
	EndProjectSection
EndProject
Project("{2150E333-8FDC-42A3-9474-1A3956D46DE8}") = "DLLs", "DLLs", "{11485F25-533C-48C8-9EB6-E9A8273444E6}"
EndProject
Project("{8BC9CEB8-8B4A-11D0-8D11-00A0C91BC942}") = "Server", "src\dlls\server\Server.vcxproj", "{2C70C838-91C6-4CC0-9385-D13DD65A6F7D}"
	ProjectSection(ProjectDependencies) = postProject
		{64269F60-A538-4327-82EE-AB4BF4766CE9} = {64269F60-A538-4327-82EE-AB4BF4766CE9}
		{FB71A079-5920-4340-AF46-0CE1EA1FDC96} = {FB71A079-5920-4340-AF46-0CE1EA1FDC96}
		{E1DA8DB8-FB4C-4B14-91A6-98BCED6B9720} = {E1DA8DB8-FB4C-4B14-91A6-98BCED6B9720}
		{BAB92FF0-D72A-D7E5-1988-74628D39B94F} = {BAB92FF0-D72A-D7E5-1988-74628D39B94F}
	EndProjectSection
EndProject
Project("{8BC9CEB8-8B4A-11D0-8D11-00A0C91BC942}") = "capstone_dll", "libs\capstone\msvc\capstone_dll\capstone_dll.vcxproj", "{2171C0E8-4915-49B9-AC23-A484FA08C126}"
EndProject
Project("{8BC9CEB8-8B4A-11D0-8D11-00A0C91BC942}") = "tinyxml2", "libs\tinyxml2\tinyxml2\tinyxml2.vcxproj", "{D1C528B6-AA02-4D29-9D61-DC08E317A70D}"
EndProject
Project("{8BC9CEB8-8B4A-11D0-8D11-00A0C91BC942}") = "Dedicated", "src\dedicated\Dedicated.vcxproj", "{188BA9B6-D0A6-46B3-80F4-AB74E608F541}"
	ProjectSection(ProjectDependencies) = postProject
		{64269F60-A538-4327-82EE-AB4BF4766CE9} = {64269F60-A538-4327-82EE-AB4BF4766CE9}
		{FB71A079-5920-4340-AF46-0CE1EA1FDC96} = {FB71A079-5920-4340-AF46-0CE1EA1FDC96}
		{D1C528B6-AA02-4D29-9D61-DC08E317A70D} = {D1C528B6-AA02-4D29-9D61-DC08E317A70D}
		{E1DA8DB8-FB4C-4B14-91A6-98BCED6B9720} = {E1DA8DB8-FB4C-4B14-91A6-98BCED6B9720}
	EndProjectSection
EndProject
Project("{8BC9CEB8-8B4A-11D0-8D11-00A0C91BC942}") = "mathlib", "sdk\mathlib\mathlib.vcxproj", "{BAB92FF0-D72A-D7E5-1988-74628D39B94F}"
EndProject
Global
	GlobalSection(Performance) = preSolution
		HasPerformanceSessions = true
	EndGlobalSection
	GlobalSection(SolutionConfigurationPlatforms) = preSolution
		Debug|x64 = Debug|x64
		Debug|x86 = Debug|x86
		Release|x64 = Release|x64
		Release|x86 = Release|x86
	EndGlobalSection
	GlobalSection(ProjectConfigurationPlatforms) = postSolution
		{37C53ADC-2F73-47B1-B6ED-DB5F7BCBA2FF}.Debug|x64.ActiveCfg = Debug|x64
		{37C53ADC-2F73-47B1-B6ED-DB5F7BCBA2FF}.Debug|x64.Build.0 = Debug|x64
		{37C53ADC-2F73-47B1-B6ED-DB5F7BCBA2FF}.Debug|x86.ActiveCfg = Debug|Win32
		{37C53ADC-2F73-47B1-B6ED-DB5F7BCBA2FF}.Debug|x86.Build.0 = Debug|Win32
		{37C53ADC-2F73-47B1-B6ED-DB5F7BCBA2FF}.Debug|x86.Deploy.0 = Debug|Win32
		{37C53ADC-2F73-47B1-B6ED-DB5F7BCBA2FF}.Release|x64.ActiveCfg = Release|x64
		{37C53ADC-2F73-47B1-B6ED-DB5F7BCBA2FF}.Release|x64.Build.0 = Release|x64
		{37C53ADC-2F73-47B1-B6ED-DB5F7BCBA2FF}.Release|x86.ActiveCfg = Release|Win32
		{37C53ADC-2F73-47B1-B6ED-DB5F7BCBA2FF}.Release|x86.Build.0 = Release|Win32
		{FB71A079-5920-4340-AF46-0CE1EA1FDC96}.Debug|x64.ActiveCfg = Debug|Win32
		{FB71A079-5920-4340-AF46-0CE1EA1FDC96}.Debug|x86.ActiveCfg = Debug|Win32
		{FB71A079-5920-4340-AF46-0CE1EA1FDC96}.Debug|x86.Build.0 = Debug|Win32
		{FB71A079-5920-4340-AF46-0CE1EA1FDC96}.Release|x64.ActiveCfg = Release|Win32
		{FB71A079-5920-4340-AF46-0CE1EA1FDC96}.Release|x86.ActiveCfg = Release|Win32
		{FB71A079-5920-4340-AF46-0CE1EA1FDC96}.Release|x86.Build.0 = Release|Win32
		{E1DA8DB8-FB4C-4B14-91A6-98BCED6B9720}.Debug|x64.ActiveCfg = Debug|Win32
		{E1DA8DB8-FB4C-4B14-91A6-98BCED6B9720}.Debug|x86.ActiveCfg = Debug|Win32
		{E1DA8DB8-FB4C-4B14-91A6-98BCED6B9720}.Debug|x86.Build.0 = Debug|Win32
		{E1DA8DB8-FB4C-4B14-91A6-98BCED6B9720}.Release|x64.ActiveCfg = Release|Win32
		{E1DA8DB8-FB4C-4B14-91A6-98BCED6B9720}.Release|x86.ActiveCfg = Release|Win32
		{E1DA8DB8-FB4C-4B14-91A6-98BCED6B9720}.Release|x86.Build.0 = Release|Win32
		{64269F60-A538-4327-82EE-AB4BF4766CE9}.Debug|x64.ActiveCfg = Debug|x64
		{64269F60-A538-4327-82EE-AB4BF4766CE9}.Debug|x64.Build.0 = Debug|x64
		{64269F60-A538-4327-82EE-AB4BF4766CE9}.Debug|x86.ActiveCfg = Debug|Win32
		{64269F60-A538-4327-82EE-AB4BF4766CE9}.Debug|x86.Build.0 = Debug|Win32
		{64269F60-A538-4327-82EE-AB4BF4766CE9}.Release|x64.ActiveCfg = Release|x64
		{64269F60-A538-4327-82EE-AB4BF4766CE9}.Release|x64.Build.0 = Release|x64
		{64269F60-A538-4327-82EE-AB4BF4766CE9}.Release|x86.ActiveCfg = Release|Win32
		{64269F60-A538-4327-82EE-AB4BF4766CE9}.Release|x86.Build.0 = Release|Win32
		{6936F8EE-95A1-4660-8C65-CBF2C70480FC}.Debug|x64.ActiveCfg = Debug|x64
		{6936F8EE-95A1-4660-8C65-CBF2C70480FC}.Debug|x64.Build.0 = Debug|x64
		{6936F8EE-95A1-4660-8C65-CBF2C70480FC}.Debug|x86.ActiveCfg = Debug|Win32
		{6936F8EE-95A1-4660-8C65-CBF2C70480FC}.Debug|x86.Build.0 = Debug|Win32
		{6936F8EE-95A1-4660-8C65-CBF2C70480FC}.Release|x64.ActiveCfg = Release|x64
		{6936F8EE-95A1-4660-8C65-CBF2C70480FC}.Release|x64.Build.0 = Release|x64
		{6936F8EE-95A1-4660-8C65-CBF2C70480FC}.Release|x86.ActiveCfg = Release|Win32
		{6936F8EE-95A1-4660-8C65-CBF2C70480FC}.Release|x86.Build.0 = Release|Win32
		{2C70C838-91C6-4CC0-9385-D13DD65A6F7D}.Debug|x64.ActiveCfg = Debug|x64
		{2C70C838-91C6-4CC0-9385-D13DD65A6F7D}.Debug|x64.Build.0 = Debug|x64
		{2C70C838-91C6-4CC0-9385-D13DD65A6F7D}.Debug|x86.ActiveCfg = Debug|Win32
		{2C70C838-91C6-4CC0-9385-D13DD65A6F7D}.Debug|x86.Build.0 = Debug|Win32
		{2C70C838-91C6-4CC0-9385-D13DD65A6F7D}.Release|x64.ActiveCfg = Release|x64
		{2C70C838-91C6-4CC0-9385-D13DD65A6F7D}.Release|x64.Build.0 = Release|x64
		{2C70C838-91C6-4CC0-9385-D13DD65A6F7D}.Release|x86.ActiveCfg = Release|Win32
		{2C70C838-91C6-4CC0-9385-D13DD65A6F7D}.Release|x86.Build.0 = Release|Win32
		{2171C0E8-4915-49B9-AC23-A484FA08C126}.Debug|x64.ActiveCfg = Debug|x64
		{2171C0E8-4915-49B9-AC23-A484FA08C126}.Debug|x64.Build.0 = Debug|x64
		{2171C0E8-4915-49B9-AC23-A484FA08C126}.Debug|x86.ActiveCfg = Debug|Win32
		{2171C0E8-4915-49B9-AC23-A484FA08C126}.Debug|x86.Build.0 = Debug|Win32
		{2171C0E8-4915-49B9-AC23-A484FA08C126}.Release|x64.ActiveCfg = Release|x64
		{2171C0E8-4915-49B9-AC23-A484FA08C126}.Release|x64.Build.0 = Release|x64
		{2171C0E8-4915-49B9-AC23-A484FA08C126}.Release|x86.ActiveCfg = Release|Win32
		{2171C0E8-4915-49B9-AC23-A484FA08C126}.Release|x86.Build.0 = Release|Win32
		{D1C528B6-AA02-4D29-9D61-DC08E317A70D}.Debug|x64.ActiveCfg = Debug-Dll|x64
		{D1C528B6-AA02-4D29-9D61-DC08E317A70D}.Debug|x64.Build.0 = Debug-Dll|x64
		{D1C528B6-AA02-4D29-9D61-DC08E317A70D}.Debug|x86.ActiveCfg = Debug-Dll|Win32
		{D1C528B6-AA02-4D29-9D61-DC08E317A70D}.Debug|x86.Build.0 = Debug-Dll|Win32
		{D1C528B6-AA02-4D29-9D61-DC08E317A70D}.Release|x64.ActiveCfg = Release-Lib|x64
		{D1C528B6-AA02-4D29-9D61-DC08E317A70D}.Release|x64.Build.0 = Release-Lib|x64
		{D1C528B6-AA02-4D29-9D61-DC08E317A70D}.Release|x86.ActiveCfg = Release-Dll|Win32
		{D1C528B6-AA02-4D29-9D61-DC08E317A70D}.Release|x86.Build.0 = Release-Dll|Win32
		{188BA9B6-D0A6-46B3-80F4-AB74E608F541}.Debug|x64.ActiveCfg = Debug|x64
		{188BA9B6-D0A6-46B3-80F4-AB74E608F541}.Debug|x64.Build.0 = Debug|x64
		{188BA9B6-D0A6-46B3-80F4-AB74E608F541}.Debug|x86.ActiveCfg = Debug|Win32
		{188BA9B6-D0A6-46B3-80F4-AB74E608F541}.Debug|x86.Build.0 = Debug|Win32
		{188BA9B6-D0A6-46B3-80F4-AB74E608F541}.Release|x64.ActiveCfg = Release|x64
		{188BA9B6-D0A6-46B3-80F4-AB74E608F541}.Release|x64.Build.0 = Release|x64
		{188BA9B6-D0A6-46B3-80F4-AB74E608F541}.Release|x86.ActiveCfg = Release|Win32
		{188BA9B6-D0A6-46B3-80F4-AB74E608F541}.Release|x86.Build.0 = Release|Win32
		{BAB92FF0-D72A-D7E5-1988-74628D39B94F}.Debug|x64.ActiveCfg = Debug|Win32
		{BAB92FF0-D72A-D7E5-1988-74628D39B94F}.Debug|x86.ActiveCfg = Debug|Win32
		{BAB92FF0-D72A-D7E5-1988-74628D39B94F}.Debug|x86.Build.0 = Debug|Win32
		{BAB92FF0-D72A-D7E5-1988-74628D39B94F}.Release|x64.ActiveCfg = Release|Win32
		{BAB92FF0-D72A-D7E5-1988-74628D39B94F}.Release|x86.ActiveCfg = Release|Win32
		{BAB92FF0-D72A-D7E5-1988-74628D39B94F}.Release|x86.Build.0 = Release|Win32
	EndGlobalSection
	GlobalSection(SolutionProperties) = preSolution
		HideSolutionNode = FALSE
	EndGlobalSection
	GlobalSection(NestedProjects) = preSolution
		{FB71A079-5920-4340-AF46-0CE1EA1FDC96} = {BD9C02B1-938E-4B44-AA9D-8F509CC14A9F}
		{E1DA8DB8-FB4C-4B14-91A6-98BCED6B9720} = {BD9C02B1-938E-4B44-AA9D-8F509CC14A9F}
		{64269F60-A538-4327-82EE-AB4BF4766CE9} = {BD9C02B1-938E-4B44-AA9D-8F509CC14A9F}
		{6936F8EE-95A1-4660-8C65-CBF2C70480FC} = {11485F25-533C-48C8-9EB6-E9A8273444E6}
		{2C70C838-91C6-4CC0-9385-D13DD65A6F7D} = {11485F25-533C-48C8-9EB6-E9A8273444E6}
		{2171C0E8-4915-49B9-AC23-A484FA08C126} = {BD9C02B1-938E-4B44-AA9D-8F509CC14A9F}
		{D1C528B6-AA02-4D29-9D61-DC08E317A70D} = {BD9C02B1-938E-4B44-AA9D-8F509CC14A9F}
		{BAB92FF0-D72A-D7E5-1988-74628D39B94F} = {BD9C02B1-938E-4B44-AA9D-8F509CC14A9F}
	EndGlobalSection
EndGlobal
